
Microsoft Visual Studio Solution File, Format Version 12.00
# Visual Studio Version 17
VisualStudioVersion = 17.11.35431.28
MinimumVisualStudioVersion = 10.0.40219.1
Project("{00D1A9C2-B5F0-4AF3-8072-F6C62B433612}") = "FolderCleanserDB", "FolderCleanserDB\FolderCleanserDB.sqlproj", "{6DF21668-C7C4-45D7-BAF4-AFCDA3F7024F}"
EndProject
Project("{9A19103F-16F7-4668-BE54-9A1E7A4F7556}") = "FolderCleanserBackEndLibrary", "FolderCleanserBackEndLibrary\FolderCleanserBackEndLibrary.csproj", "{D5F9A215-F4B5-4814-ACAB-774B706700AF}"
EndProject
Project("{9A19103F-16F7-4668-BE54-9A1E7A4F7556}") = "FolderCleanserAPI", "FolderCleanserAPI\FolderCleanserAPI.csproj", "{94C89D24-0886-4288-8693-E80362692E9B}"
EndProject
Project("{9A19103F-16F7-4668-BE54-9A1E7A4F7556}") = "FolderCleanserWeb", "FolderCleanserWeb\FolderCleanserWeb.csproj", "{006761CE-64EE-4453-B907-45633C98EE28}"
EndProject
Project("{9A19103F-16F7-4668-BE54-9A1E7A4F7556}") = "FolderCleanserFrontEndLibrary", "FolderCleanserFrontEndLibrary\FolderCleanserFrontEndLibrary.csproj", "{ABA4A057-9081-4EE9-8326-23A68303D2E9}"
EndProject
Project("{FAE04EC0-301F-11D3-BF4B-00C04F79EFBC}") = "FolderCleanserConsole", "FolderCleanserConsole\FolderCleanserConsole.csproj", "{5B8C7B33-9A56-478B-95AA-BDCCCC93CB9F}"
EndProject
Global
	GlobalSection(SolutionConfigurationPlatforms) = preSolution
		Debug|Any CPU = Debug|Any CPU
		Release|Any CPU = Release|Any CPU
	EndGlobalSection
	GlobalSection(ProjectConfigurationPlatforms) = postSolution
		{6DF21668-C7C4-45D7-BAF4-AFCDA3F7024F}.Debug|Any CPU.ActiveCfg = Debug|Any CPU
		{6DF21668-C7C4-45D7-BAF4-AFCDA3F7024F}.Debug|Any CPU.Build.0 = Debug|Any CPU
		{6DF21668-C7C4-45D7-BAF4-AFCDA3F7024F}.Debug|Any CPU.Deploy.0 = Debug|Any CPU
		{6DF21668-C7C4-45D7-BAF4-AFCDA3F7024F}.Release|Any CPU.ActiveCfg = Release|Any CPU
		{6DF21668-C7C4-45D7-BAF4-AFCDA3F7024F}.Release|Any CPU.Build.0 = Release|Any CPU
		{6DF21668-C7C4-45D7-BAF4-AFCDA3F7024F}.Release|Any CPU.Deploy.0 = Release|Any CPU
		{D5F9A215-F4B5-4814-ACAB-774B706700AF}.Debug|Any CPU.ActiveCfg = Debug|Any CPU
		{D5F9A215-F4B5-4814-ACAB-774B706700AF}.Debug|Any CPU.Build.0 = Debug|Any CPU
		{D5F9A215-F4B5-4814-ACAB-774B706700AF}.Release|Any CPU.ActiveCfg = Release|Any CPU
		{D5F9A215-F4B5-4814-ACAB-774B706700AF}.Release|Any CPU.Build.0 = Release|Any CPU
		{94C89D24-0886-4288-8693-E80362692E9B}.Debug|Any CPU.ActiveCfg = Debug|Any CPU
		{94C89D24-0886-4288-8693-E80362692E9B}.Debug|Any CPU.Build.0 = Debug|Any CPU
		{94C89D24-0886-4288-8693-E80362692E9B}.Release|Any CPU.ActiveCfg = Release|Any CPU
		{94C89D24-0886-4288-8693-E80362692E9B}.Release|Any CPU.Build.0 = Release|Any CPU
		{006761CE-64EE-4453-B907-45633C98EE28}.Debug|Any CPU.ActiveCfg = Debug|Any CPU
		{006761CE-64EE-4453-B907-45633C98EE28}.Debug|Any CPU.Build.0 = Debug|Any CPU
		{006761CE-64EE-4453-B907-45633C98EE28}.Release|Any CPU.ActiveCfg = Release|Any CPU
		{006761CE-64EE-4453-B907-45633C98EE28}.Release|Any CPU.Build.0 = Release|Any CPU
		{ABA4A057-9081-4EE9-8326-23A68303D2E9}.Debug|Any CPU.ActiveCfg = Debug|Any CPU
		{ABA4A057-9081-4EE9-8326-23A68303D2E9}.Debug|Any CPU.Build.0 = Debug|Any CPU
		{ABA4A057-9081-4EE9-8326-23A68303D2E9}.Release|Any CPU.ActiveCfg = Release|Any CPU
		{ABA4A057-9081-4EE9-8326-23A68303D2E9}.Release|Any CPU.Build.0 = Release|Any CPU
		{5B8C7B33-9A56-478B-95AA-BDCCCC93CB9F}.Debug|Any CPU.ActiveCfg = Debug|Any CPU
		{5B8C7B33-9A56-478B-95AA-BDCCCC93CB9F}.Debug|Any CPU.Build.0 = Debug|Any CPU
		{5B8C7B33-9A56-478B-95AA-BDCCCC93CB9F}.Release|Any CPU.ActiveCfg = Release|Any CPU
		{5B8C7B33-9A56-478B-95AA-BDCCCC93CB9F}.Release|Any CPU.Build.0 = Release|Any CPU
	EndGlobalSection
	GlobalSection(SolutionProperties) = preSolution
		HideSolutionNode = FALSE
	EndGlobalSection
	GlobalSection(ExtensibilityGlobals) = postSolution
		SolutionGuid = {B1B2D297-10D7-48CE-84F0-537DE84E2196}
	EndGlobalSection
EndGlobal
